
Microsoft Visual Studio Solution File, Format Version 12.00
# Visual Studio Version 16
VisualStudioVersion = 16.0.30804.86
MinimumVisualStudioVersion = 10.0.40219.1
Project("{FAE04EC0-301F-11D3-BF4B-00C04F79EFBC}") = "Dicionario", "Dicionario\Dicionario.csproj", "{886C0D9D-1590-4EE2-88D9-1601928CACB6}"
EndProject
Global
	GlobalSection(SolutionConfigurationPlatforms) = preSolution
		Debug|Any CPU = Debug|Any CPU
		Release|Any CPU = Release|Any CPU
	EndGlobalSection
	GlobalSection(ProjectConfigurationPlatforms) = postSolution
		{886C0D9D-1590-4EE2-88D9-1601928CACB6}.Debug|Any CPU.ActiveCfg = Debug|Any CPU
		{886C0D9D-1590-4EE2-88D9-1601928CACB6}.Debug|Any CPU.Build.0 = Debug|Any CPU
		{886C0D9D-1590-4EE2-88D9-1601928CACB6}.Release|Any CPU.ActiveCfg = Release|Any CPU
		{886C0D9D-1590-4EE2-88D9-1601928CACB6}.Release|Any CPU.Build.0 = Release|Any CPU
	EndGlobalSection
	GlobalSection(SolutionProperties) = preSolution
		HideSolutionNode = FALSE
	EndGlobalSection
	GlobalSection(ExtensibilityGlobals) = postSolution
		SolutionGuid = {C0CE158F-C257-4506-ABAA-202DCAE043B7}
	EndGlobalSection
EndGlobal
